// !$*UTF8*$!
{
	archiveVersion = 1;
	classes = {
	};
	objectVersion = 55;
	objects = {

/* Begin PBXBuildFile section */
		AAE53E4A27ADED7600D7412E /* AppDelegate.swift in Sources */ = {isa = PBXBuildFile; fileRef = AAE53E4927ADED7600D7412E /* AppDelegate.swift */; };
		AAE53E4C27ADED7600D7412E /* SceneDelegate.swift in Sources */ = {isa = PBXBuildFile; fileRef = AAE53E4B27ADED7600D7412E /* SceneDelegate.swift */; };
		AAE53E4E27ADED7600D7412E /* MoviesViewController.swift in Sources */ = {isa = PBXBuildFile; fileRef = AAE53E4D27ADED7600D7412E /* MoviesViewController.swift */; };
		AAE53E5127ADED7600D7412E /* Main.storyboard in Resources */ = {isa = PBXBuildFile; fileRef = AAE53E4F27ADED7600D7412E /* Main.storyboard */; };
		AAE53E5327ADED7800D7412E /* Assets.xcassets in Resources */ = {isa = PBXBuildFile; fileRef = AAE53E5227ADED7800D7412E /* Assets.xcassets */; };
		AAE53E5627ADED7800D7412E /* LaunchScreen.storyboard in Resources */ = {isa = PBXBuildFile; fileRef = AAE53E5427ADED7800D7412E /* LaunchScreen.storyboard */; };
		AAE53E6127ADED7900D7412E /* TipsterTests.swift in Sources */ = {isa = PBXBuildFile; fileRef = AAE53E6027ADED7900D7412E /* TipsterTests.swift */; };
		AAE53E6B27ADED7900D7412E /* TipsterUITests.swift in Sources */ = {isa = PBXBuildFile; fileRef = AAE53E6A27ADED7900D7412E /* TipsterUITests.swift */; };
		AAE53E6D27ADED7900D7412E /* TipsterUITestsLaunchTests.swift in Sources */ = {isa = PBXBuildFile; fileRef = AAE53E6C27ADED7900D7412E /* TipsterUITestsLaunchTests.swift */; };
		AAE53E7A27AE0FB500D7412E /* MovieCell.swift in Sources */ = {isa = PBXBuildFile; fileRef = AAE53E7927AE0FB500D7412E /* MovieCell.swift */; };
		AAE53E7D27AE15E800D7412E /* AlamofireImage in Frameworks */ = {isa = PBXBuildFile; productRef = AAE53E7C27AE15E800D7412E /* AlamofireImage */; };
/* End PBXBuildFile section */

/* Begin PBXContainerItemProxy section */
		AAE53E5D27ADED7900D7412E /* PBXContainerItemProxy */ = {
			isa = PBXContainerItemProxy;
			containerPortal = AAE53E3E27ADED7600D7412E /* Project object */;
			proxyType = 1;
			remoteGlobalIDString = AAE53E4527ADED7600D7412E;
			remoteInfo = Tipster;
		};
		AAE53E6727ADED7900D7412E /* PBXContainerItemProxy */ = {
			isa = PBXContainerItemProxy;
			containerPortal = AAE53E3E27ADED7600D7412E /* Project object */;
			proxyType = 1;
			remoteGlobalIDString = AAE53E4527ADED7600D7412E;
			remoteInfo = Tipster;
		};
/* End PBXContainerItemProxy section */

/* Begin PBXFileReference section */
		AAE53E4627ADED7600D7412E /* Tipster.app */ = {isa = PBXFileReference; explicitFileType = wrapper.application; includeInIndex = 0; path = Tipster.app; sourceTree = BUILT_PRODUCTS_DIR; };
		AAE53E4927ADED7600D7412E /* AppDelegate.swift */ = {isa = PBXFileReference; lastKnownFileType = sourcecode.swift; path = AppDelegate.swift; sourceTree = "<group>"; };
		AAE53E4B27ADED7600D7412E /* SceneDelegate.swift */ = {isa = PBXFileReference; lastKnownFileType = sourcecode.swift; path = SceneDelegate.swift; sourceTree = "<group>"; };
		AAE53E4D27ADED7600D7412E /* MoviesViewController.swift */ = {isa = PBXFileReference; lastKnownFileType = sourcecode.swift; path = MoviesViewController.swift; sourceTree = "<group>"; };
		AAE53E5027ADED7600D7412E /* Base */ = {isa = PBXFileReference; lastKnownFileType = file.storyboard; name = Base; path = Base.lproj/Main.storyboard; sourceTree = "<group>"; };
		AAE53E5227ADED7800D7412E /* Assets.xcassets */ = {isa = PBXFileReference; lastKnownFileType = folder.assetcatalog; path = Assets.xcassets; sourceTree = "<group>"; };
		AAE53E5527ADED7800D7412E /* Base */ = {isa = PBXFileReference; lastKnownFileType = file.storyboard; name = Base; path = Base.lproj/LaunchScreen.storyboard; sourceTree = "<group>"; };
		AAE53E5727ADED7800D7412E /* Info.plist */ = {isa = PBXFileReference; lastKnownFileType = text.plist.xml; path = Info.plist; sourceTree = "<group>"; };
		AAE53E5C27ADED7900D7412E /* TipsterTests.xctest */ = {isa = PBXFileReference; explicitFileType = wrapper.cfbundle; includeInIndex = 0; path = TipsterTests.xctest; sourceTree = BUILT_PRODUCTS_DIR; };
		AAE53E6027ADED7900D7412E /* TipsterTests.swift */ = {isa = PBXFileReference; lastKnownFileType = sourcecode.swift; path = TipsterTests.swift; sourceTree = "<group>"; };
		AAE53E6627ADED7900D7412E /* TipsterUITests.xctest */ = {isa = PBXFileReference; explicitFileType = wrapper.cfbundle; includeInIndex = 0; path = TipsterUITests.xctest; sourceTree = BUILT_PRODUCTS_DIR; };
		AAE53E6A27ADED7900D7412E /* TipsterUITests.swift */ = {isa = PBXFileReference; lastKnownFileType = sourcecode.swift; path = TipsterUITests.swift; sourceTree = "<group>"; };
		AAE53E6C27ADED7900D7412E /* TipsterUITestsLaunchTests.swift */ = {isa = PBXFileReference; lastKnownFileType = sourcecode.swift; path = TipsterUITestsLaunchTests.swift; sourceTree = "<group>"; };
		AAE53E7927AE0FB500D7412E /* MovieCell.swift */ = {isa = PBXFileReference; lastKnownFileType = sourcecode.swift; path = MovieCell.swift; sourceTree = "<group>"; };
/* End PBXFileReference section */

/* Begin PBXFrameworksBuildPhase section */
		AAE53E4327ADED7600D7412E /* Frameworks */ = {
			isa = PBXFrameworksBuildPhase;
			buildActionMask = 2147483647;
			files = (
				AAE53E7D27AE15E800D7412E /* AlamofireImage in Frameworks */,
			);
			runOnlyForDeploymentPostprocessing = 0;
		};
		AAE53E5927ADED7900D7412E /* Frameworks */ = {
			isa = PBXFrameworksBuildPhase;
			buildActionMask = 2147483647;
			files = (
			);
			runOnlyForDeploymentPostprocessing = 0;
		};
		AAE53E6327ADED7900D7412E /* Frameworks */ = {
			isa = PBXFrameworksBuildPhase;
			buildActionMask = 2147483647;
			files = (
			);
			runOnlyForDeploymentPostprocessing = 0;
		};
/* End PBXFrameworksBuildPhase section */

/* Begin PBXGroup section */
		AAE53E3D27ADED7600D7412E = {
			isa = PBXGroup;
			children = (
				AAE53E4827ADED7600D7412E /* Tipster */,
				AAE53E5F27ADED7900D7412E /* TipsterTests */,
				AAE53E6927ADED7900D7412E /* TipsterUITests */,
				AAE53E4727ADED7600D7412E /* Products */,
			);
			sourceTree = "<group>";
		};
		AAE53E4727ADED7600D7412E /* Products */ = {
			isa = PBXGroup;
			children = (
				AAE53E4627ADED7600D7412E /* Tipster.app */,
				AAE53E5C27ADED7900D7412E /* TipsterTests.xctest */,
				AAE53E6627ADED7900D7412E /* TipsterUITests.xctest */,
			);
			name = Products;
			sourceTree = "<group>";
		};
		AAE53E4827ADED7600D7412E /* Tipster */ = {
			isa = PBXGroup;
			children = (
				AAE53E4927ADED7600D7412E /* AppDelegate.swift */,
				AAE53E4B27ADED7600D7412E /* SceneDelegate.swift */,
				AAE53E4D27ADED7600D7412E /* MoviesViewController.swift */,
				AAE53E4F27ADED7600D7412E /* Main.storyboard */,
				AAE53E7927AE0FB500D7412E /* MovieCell.swift */,
				AAE53E5227ADED7800D7412E /* Assets.xcassets */,
				AAE53E5427ADED7800D7412E /* LaunchScreen.storyboard */,
				AAE53E5727ADED7800D7412E /* Info.plist */,
			);
			path = Tipster;
			sourceTree = "<group>";
		};
		AAE53E5F27ADED7900D7412E /* TipsterTests */ = {
			isa = PBXGroup;
			children = (
				AAE53E6027ADED7900D7412E /* TipsterTests.swift */,
			);
			path = TipsterTests;
			sourceTree = "<group>";
		};
		AAE53E6927ADED7900D7412E /* TipsterUITests */ = {
			isa = PBXGroup;
			children = (
				AAE53E6A27ADED7900D7412E /* TipsterUITests.swift */,
				AAE53E6C27ADED7900D7412E /* TipsterUITestsLaunchTests.swift */,
			);
			path = TipsterUITests;
			sourceTree = "<group>";
		};
/* End PBXGroup section */

/* Begin PBXNativeTarget section */
		AAE53E4527ADED7600D7412E /* Tipster */ = {
			isa = PBXNativeTarget;
			buildConfigurationList = AAE53E7027ADED7900D7412E /* Build configuration list for PBXNativeTarget "Tipster" */;
			buildPhases = (
				AAE53E4227ADED7600D7412E /* Sources */,
				AAE53E4327ADED7600D7412E /* Frameworks */,
				AAE53E4427ADED7600D7412E /* Resources */,
			);
			buildRules = (
			);
			dependencies = (
			);
			name = Tipster;
			packageProductDependencies = (
				AAE53E7C27AE15E800D7412E /* AlamofireImage */,
			);
			productName = Tipster;
			productReference = AAE53E4627ADED7600D7412E /* Tipster.app */;
			productType = "com.apple.product-type.application";
		};
		AAE53E5B27ADED7900D7412E /* TipsterTests */ = {
			isa = PBXNativeTarget;
			buildConfigurationList = AAE53E7327ADED7900D7412E /* Build configuration list for PBXNativeTarget "TipsterTests" */;
			buildPhases = (
				AAE53E5827ADED7900D7412E /* Sources */,
				AAE53E5927ADED7900D7412E /* Frameworks */,
				AAE53E5A27ADED7900D7412E /* Resources */,
			);
			buildRules = (
			);
			dependencies = (
				AAE53E5E27ADED7900D7412E /* PBXTargetDependency */,
			);
			name = TipsterTests;
			productName = TipsterTests;
			productReference = AAE53E5C27ADED7900D7412E /* TipsterTests.xctest */;
			productType = "com.apple.product-type.bundle.unit-test";
		};
		AAE53E6527ADED7900D7412E /* TipsterUITests */ = {
			isa = PBXNativeTarget;
			buildConfigurationList = AAE53E7627ADED7900D7412E /* Build configuration list for PBXNativeTarget "TipsterUITests" */;
			buildPhases = (
				AAE53E6227ADED7900D7412E /* Sources */,
				AAE53E6327ADED7900D7412E /* Frameworks */,
				AAE53E6427ADED7900D7412E /* Resources */,
			);
			buildRules = (
			);
			dependencies = (
				AAE53E6827ADED7900D7412E /* PBXTargetDependency */,
			);
			name = TipsterUITests;
			productName = TipsterUITests;
			productReference = AAE53E6627ADED7900D7412E /* TipsterUITests.xctest */;
			productType = "com.apple.product-type.bundle.ui-testing";
		};
/* End PBXNativeTarget section */

/* Begin PBXProject section */
		AAE53E3E27ADED7600D7412E /* Project object */ = {
			isa = PBXProject;
			attributes = {
				BuildIndependentTargetsInParallel = 1;
				LastSwiftUpdateCheck = 1320;
				LastUpgradeCheck = 1320;
				TargetAttributes = {
					AAE53E4527ADED7600D7412E = {
						CreatedOnToolsVersion = 13.2.1;
					};
					AAE53E5B27ADED7900D7412E = {
						CreatedOnToolsVersion = 13.2.1;
						TestTargetID = AAE53E4527ADED7600D7412E;
					};
					AAE53E6527ADED7900D7412E = {
						CreatedOnToolsVersion = 13.2.1;
						TestTargetID = AAE53E4527ADED7600D7412E;
					};
				};
			};
			buildConfigurationList = AAE53E4127ADED7600D7412E /* Build configuration list for PBXProject "Tipster" */;
			compatibilityVersion = "Xcode 13.0";
			developmentRegion = en;
			hasScannedForEncodings = 0;
			knownRegions = (
				en,
				Base,
			);
			mainGroup = AAE53E3D27ADED7600D7412E;
			packageReferences = (
				AAE53E7B27AE15E800D7412E /* XCRemoteSwiftPackageReference "AlamofireImage" */,
			);
			productRefGroup = AAE53E4727ADED7600D7412E /* Products */;
			projectDirPath = "";
			projectRoot = "";
			targets = (
				AAE53E4527ADED7600D7412E /* Tipster */,
				AAE53E5B27ADED7900D7412E /* TipsterTests */,
				AAE53E6527ADED7900D7412E /* TipsterUITests */,
			);
		};
/* End PBXProject section */

/* Begin PBXResourcesBuildPhase section */
		AAE53E4427ADED7600D7412E /* Resources */ = {
			isa = PBXResourcesBuildPhase;
			buildActionMask = 2147483647;
			files = (
				AAE53E5627ADED7800D7412E /* LaunchScreen.storyboard in Resources */,
				AAE53E5327ADED7800D7412E /* Assets.xcassets in Resources */,
				AAE53E5127ADED7600D7412E /* Main.storyboard in Resources */,
			);
			runOnlyForDeploymentPostprocessing = 0;
		};
		AAE53E5A27ADED7900D7412E /* Resources */ = {
			isa = PBXResourcesBuildPhase;
			buildActionMask = 2147483647;
			files = (
			);
			runOnlyForDeploymentPostprocessing = 0;
		};
		AAE53E6427ADED7900D7412E /* Resources */ = {
			isa = PBXResourcesBuildPhase;
			buildActionMask = 2147483647;
			files = (
			);
			runOnlyForDeploymentPostprocessing = 0;
		};
/* End PBXResourcesBuildPhase section */

/* Begin PBXSourcesBuildPhase section */
		AAE53E4227ADED7600D7412E /* Sources */ = {
			isa = PBXSourcesBuildPhase;
			buildActionMask = 2147483647;
			files = (
				AAE53E4E27ADED7600D7412E /* MoviesViewController.swift in Sources */,
				AAE53E4A27ADED7600D7412E /* AppDelegate.swift in Sources */,
				AAE53E7A27AE0FB500D7412E /* MovieCell.swift in Sources */,
				AAE53E4C27ADED7600D7412E /* SceneDelegate.swift in Sources */,
			);
			runOnlyForDeploymentPostprocessing = 0;
		};
		AAE53E5827ADED7900D7412E /* Sources */ = {
			isa = PBXSourcesBuildPhase;
			buildActionMask = 2147483647;
			files = (
				AAE53E6127ADED7900D7412E /* TipsterTests.swift in Sources */,
			);
			runOnlyForDeploymentPostprocessing = 0;
		};
		AAE53E6227ADED7900D7412E /* Sources */ = {
			isa = PBXSourcesBuildPhase;
			buildActionMask = 2147483647;
			files = (
				AAE53E6D27ADED7900D7412E /* TipsterUITestsLaunchTests.swift in Sources */,
				AAE53E6B27ADED7900D7412E /* TipsterUITests.swift in Sources */,
			);
			runOnlyForDeploymentPostprocessing = 0;
		};
/* End PBXSourcesBuildPhase section */

/* Begin PBXTargetDependency section */
		AAE53E5E27ADED7900D7412E /* PBXTargetDependency */ = {
			isa = PBXTargetDependency;
			target = AAE53E4527ADED7600D7412E /* Tipster */;
			targetProxy = AAE53E5D27ADED7900D7412E /* PBXContainerItemProxy */;
		};
		AAE53E6827ADED7900D7412E /* PBXTargetDependency */ = {
			isa = PBXTargetDependency;
			target = AAE53E4527ADED7600D7412E /* Tipster */;
			targetProxy = AAE53E6727ADED7900D7412E /* PBXContainerItemProxy */;
		};
/* End PBXTargetDependency section */

/* Begin PBXVariantGroup section */
		AAE53E4F27ADED7600D7412E /* Main.storyboard */ = {
			isa = PBXVariantGroup;
			children = (
				AAE53E5027ADED7600D7412E /* Base */,
			);
			name = Main.storyboard;
			sourceTree = "<group>";
		};
		AAE53E5427ADED7800D7412E /* LaunchScreen.storyboard */ = {
			isa = PBXVariantGroup;
			children = (
				AAE53E5527ADED7800D7412E /* Base */,
			);
			name = LaunchScreen.storyboard;
			sourceTree = "<group>";
		};
/* End PBXVariantGroup section */

/* Begin XCBuildConfiguration section */
		AAE53E6E27ADED7900D7412E /* Debug */ = {
			isa = XCBuildConfiguration;
			buildSettings = {
				ALWAYS_SEARCH_USER_PATHS = NO;
				CLANG_ANALYZER_NONNULL = YES;
				CLANG_ANALYZER_NUMBER_OBJECT_CONVERSION = YES_AGGRESSIVE;
				CLANG_CXX_LANGUAGE_STANDARD = "gnu++17";
				CLANG_CXX_LIBRARY = "libc++";
				CLANG_ENABLE_MODULES = YES;
				CLANG_ENABLE_OBJC_ARC = YES;
				CLANG_ENABLE_OBJC_WEAK = YES;
				CLANG_WARN_BLOCK_CAPTURE_AUTORELEASING = YES;
				CLANG_WARN_BOOL_CONVERSION = YES;
				CLANG_WARN_COMMA = YES;
				CLANG_WARN_CONSTANT_CONVERSION = YES;
				CLANG_WARN_DEPRECATED_OBJC_IMPLEMENTATIONS = YES;
				CLANG_WARN_DIRECT_OBJC_ISA_USAGE = YES_ERROR;
				CLANG_WARN_DOCUMENTATION_COMMENTS = YES;
				CLANG_WARN_EMPTY_BODY = YES;
				CLANG_WARN_ENUM_CONVERSION = YES;
				CLANG_WARN_INFINITE_RECURSION = YES;
				CLANG_WARN_INT_CONVERSION = YES;
				CLANG_WARN_NON_LITERAL_NULL_CONVERSION = YES;
				CLANG_WARN_OBJC_IMPLICIT_RETAIN_SELF = YES;
				CLANG_WARN_OBJC_LITERAL_CONVERSION = YES;
				CLANG_WARN_OBJC_ROOT_CLASS = YES_ERROR;
				CLANG_WARN_QUOTED_INCLUDE_IN_FRAMEWORK_HEADER = YES;
				CLANG_WARN_RANGE_LOOP_ANALYSIS = YES;
				CLANG_WARN_STRICT_PROTOTYPES = YES;
				CLANG_WARN_SUSPICIOUS_MOVE = YES;
				CLANG_WARN_UNGUARDED_AVAILABILITY = YES_AGGRESSIVE;
				CLANG_WARN_UNREACHABLE_CODE = YES;
				CLANG_WARN__DUPLICATE_METHOD_MATCH = YES;
				COPY_PHASE_STRIP = NO;
				DEBUG_INFORMATION_FORMAT = dwarf;
				ENABLE_STRICT_OBJC_MSGSEND = YES;
				ENABLE_TESTABILITY = YES;
				GCC_C_LANGUAGE_STANDARD = gnu11;
				GCC_DYNAMIC_NO_PIC = NO;
				GCC_NO_COMMON_BLOCKS = YES;
				GCC_OPTIMIZATION_LEVEL = 0;
				GCC_PREPROCESSOR_DEFINITIONS = (
					"DEBUG=1",
					"$(inherited)",
				);
				GCC_WARN_64_TO_32_BIT_CONVERSION = YES;
				GCC_WARN_ABOUT_RETURN_TYPE = YES_ERROR;
				GCC_WARN_UNDECLARED_SELECTOR = YES;
				GCC_WARN_UNINITIALIZED_AUTOS = YES_AGGRESSIVE;
				GCC_WARN_UNUSED_FUNCTION = YES;
				GCC_WARN_UNUSED_VARIABLE = YES;
				IPHONEOS_DEPLOYMENT_TARGET = 15.2;
				MTL_ENABLE_DEBUG_INFO = INCLUDE_SOURCE;
				MTL_FAST_MATH = YES;
				ONLY_ACTIVE_ARCH = YES;
				SDKROOT = iphoneos;
				SWIFT_ACTIVE_COMPILATION_CONDITIONS = DEBUG;
				SWIFT_OPTIMIZATION_LEVEL = "-Onone";
			};
			name = Debug;
		};
		AAE53E6F27ADED7900D7412E /* Release */ = {
			isa = XCBuildConfiguration;
			buildSettings = {
				ALWAYS_SEARCH_USER_PATHS = NO;
				CLANG_ANALYZER_NONNULL = YES;
				CLANG_ANALYZER_NUMBER_OBJECT_CONVERSION = YES_AGGRESSIVE;
				CLANG_CXX_LANGUAGE_STANDARD = "gnu++17";
				CLANG_CXX_LIBRARY = "libc++";
				CLANG_ENABLE_MODULES = YES;
				CLANG_ENABLE_OBJC_ARC = YES;
				CLANG_ENABLE_OBJC_WEAK = YES;
				CLANG_WARN_BLOCK_CAPTURE_AUTORELEASING = YES;
				CLANG_WARN_BOOL_CONVERSION = YES;
				CLANG_WARN_COMMA = YES;
				CLANG_WARN_CONSTANT_CONVERSION = YES;
				CLANG_WARN_DEPRECATED_OBJC_IMPLEMENTATIONS = YES;
				CLANG_WARN_DIRECT_OBJC_ISA_USAGE = YES_ERROR;
				CLANG_WARN_DOCUMENTATION_COMMENTS = YES;
				CLANG_WARN_EMPTY_BODY = YES;
				CLANG_WARN_ENUM_CONVERSION = YES;
				CLANG_WARN_INFINITE_RECURSION = YES;
				CLANG_WARN_INT_CONVERSION = YES;
				CLANG_WARN_NON_LITERAL_NULL_CONVERSION = YES;
				CLANG_WARN_OBJC_IMPLICIT_RETAIN_SELF = YES;
				CLANG_WARN_OBJC_LITERAL_CONVERSION = YES;
				CLANG_WARN_OBJC_ROOT_CLASS = YES_ERROR;
				CLANG_WARN_QUOTED_INCLUDE_IN_FRAMEWORK_HEADER = YES;
				CLANG_WARN_RANGE_LOOP_ANALYSIS = YES;
				CLANG_WARN_STRICT_PROTOTYPES = YES;
				CLANG_WARN_SUSPICIOUS_MOVE = YES;
				CLANG_WARN_UNGUARDED_AVAILABILITY = YES_AGGRESSIVE;
				CLANG_WARN_UNREACHABLE_CODE = YES;
				CLANG_WARN__DUPLICATE_METHOD_MATCH = YES;
				COPY_PHASE_STRIP = NO;
				DEBUG_INFORMATION_FORMAT = "dwarf-with-dsym";
				ENABLE_NS_ASSERTIONS = NO;
				ENABLE_STRICT_OBJC_MSGSEND = YES;
				GCC_C_LANGUAGE_STANDARD = gnu11;
				GCC_NO_COMMON_BLOCKS = YES;
				GCC_WARN_64_TO_32_BIT_CONVERSION = YES;
				GCC_WARN_ABOUT_RETURN_TYPE = YES_ERROR;
				GCC_WARN_UNDECLARED_SELECTOR = YES;
				GCC_WARN_UNINITIALIZED_AUTOS = YES_AGGRESSIVE;
				GCC_WARN_UNUSED_FUNCTION = YES;
				GCC_WARN_UNUSED_VARIABLE = YES;
				IPHONEOS_DEPLOYMENT_TARGET = 15.2;
				MTL_ENABLE_DEBUG_INFO = NO;
				MTL_FAST_MATH = YES;
				SDKROOT = iphoneos;
				SWIFT_COMPILATION_MODE = wholemodule;
				SWIFT_OPTIMIZATION_LEVEL = "-O";
				VALIDATE_PRODUCT = YES;
			};
			name = Release;
		};
		AAE53E7127ADED7900D7412E /* Debug */ = {
			isa = XCBuildConfiguration;
			buildSettings = {
				ASSETCATALOG_COMPILER_APPICON_NAME = AppIcon;
				ASSETCATALOG_COMPILER_GLOBAL_ACCENT_COLOR_NAME = AccentColor;
				CODE_SIGN_STYLE = Automatic;
				CURRENT_PROJECT_VERSION = 1;
				DEVELOPMENT_TEAM = TE6TBU2PVX;
				GENERATE_INFOPLIST_FILE = YES;
				INFOPLIST_FILE = Tipster/Info.plist;
				INFOPLIST_KEY_UIApplicationSupportsIndirectInputEvents = YES;
				INFOPLIST_KEY_UILaunchStoryboardName = LaunchScreen;
				INFOPLIST_KEY_UIMainStoryboardFile = Main;
				INFOPLIST_KEY_UISupportedInterfaceOrientations_iPad = "UIInterfaceOrientationPortrait UIInterfaceOrientationPortraitUpsideDown UIInterfaceOrientationLandscapeLeft UIInterfaceOrientationLandscapeRight";
				INFOPLIST_KEY_UISupportedInterfaceOrientations_iPhone = "UIInterfaceOrientationPortrait UIInterfaceOrientationLandscapeLeft UIInterfaceOrientationLandscapeRight";
				LD_RUNPATH_SEARCH_PATHS = (
					"$(inherited)",
					"@executable_path/Frameworks",
				);
				MARKETING_VERSION = 1.0;
				PRODUCT_BUNDLE_IDENTIFIER = com.Tipster;
				PRODUCT_NAME = "$(TARGET_NAME)";
				SWIFT_EMIT_LOC_STRINGS = YES;
				SWIFT_VERSION = 5.0;
				TARGETED_DEVICE_FAMILY = "1,2";
			};
			name = Debug;
		};
		AAE53E7227ADED7900D7412E /* Release */ = {
			isa = XCBuildConfiguration;
			buildSettings = {
				ASSETCATALOG_COMPILER_APPICON_NAME = AppIcon;
				ASSETCATALOG_COMPILER_GLOBAL_ACCENT_COLOR_NAME = AccentColor;
				CODE_SIGN_STYLE = Automatic;
				CURRENT_PROJECT_VERSION = 1;
				DEVELOPMENT_TEAM = TE6TBU2PVX;
				GENERATE_INFOPLIST_FILE = YES;
				INFOPLIST_FILE = Tipster/Info.plist;
				INFOPLIST_KEY_UIApplicationSupportsIndirectInputEvents = YES;
				INFOPLIST_KEY_UILaunchStoryboardName = LaunchScreen;
				INFOPLIST_KEY_UIMainStoryboardFile = Main;
				INFOPLIST_KEY_UISupportedInterfaceOrientations_iPad = "UIInterfaceOrientationPortrait UIInterfaceOrientationPortraitUpsideDown UIInterfaceOrientationLandscapeLeft UIInterfaceOrientationLandscapeRight";
				INFOPLIST_KEY_UISupportedInterfaceOrientations_iPhone = "UIInterfaceOrientationPortrait UIInterfaceOrientationLandscapeLeft UIInterfaceOrientationLandscapeRight";
				LD_RUNPATH_SEARCH_PATHS = (
					"$(inherited)",
					"@executable_path/Frameworks",
				);
				MARKETING_VERSION = 1.0;
				PRODUCT_BUNDLE_IDENTIFIER = com.Tipster;
				PRODUCT_NAME = "$(TARGET_NAME)";
				SWIFT_EMIT_LOC_STRINGS = YES;
				SWIFT_VERSION = 5.0;
				TARGETED_DEVICE_FAMILY = "1,2";
			};
			name = Release;
		};
		AAE53E7427ADED7900D7412E /* Debug */ = {
			isa = XCBuildConfiguration;
			buildSettings = {
				ALWAYS_EMBED_SWIFT_STANDARD_LIBRARIES = YES;
				BUNDLE_LOADER = "$(TEST_HOST)";
				CODE_SIGN_STYLE = Automatic;
				CURRENT_PROJECT_VERSION = 1;
				DEVELOPMENT_TEAM = TE6TBU2PVX;
				GENERATE_INFOPLIST_FILE = YES;
				IPHONEOS_DEPLOYMENT_TARGET = 15.2;
				MARKETING_VERSION = 1.0;
				PRODUCT_BUNDLE_IDENTIFIER = com.TipsterTests;
				PRODUCT_NAME = "$(TARGET_NAME)";
				SWIFT_EMIT_LOC_STRINGS = NO;
				SWIFT_VERSION = 5.0;
				TARGETED_DEVICE_FAMILY = "1,2";
				TEST_HOST = "$(BUILT_PRODUCTS_DIR)/Tipster.app/Tipster";
			};
			name = Debug;
		};
		AAE53E7527ADED7900D7412E /* Release */ = {
			isa = XCBuildConfiguration;
			buildSettings = {
				ALWAYS_EMBED_SWIFT_STANDARD_LIBRARIES = YES;
				BUNDLE_LOADER = "$(TEST_HOST)";
				CODE_SIGN_STYLE = Automatic;
				CURRENT_PROJECT_VERSION = 1;
				DEVELOPMENT_TEAM = TE6TBU2PVX;
				GENERATE_INFOPLIST_FILE = YES;
				IPHONEOS_DEPLOYMENT_TARGET = 15.2;
				MARKETING_VERSION = 1.0;
				PRODUCT_BUNDLE_IDENTIFIER = com.TipsterTests;
				PRODUCT_NAME = "$(TARGET_NAME)";
				SWIFT_EMIT_LOC_STRINGS = NO;
				SWIFT_VERSION = 5.0;
				TARGETED_DEVICE_FAMILY = "1,2";
				TEST_HOST = "$(BUILT_PRODUCTS_DIR)/Tipster.app/Tipster";
			};
			name = Release;
		};
		AAE53E7727ADED7900D7412E /* Debug */ = {
			isa = XCBuildConfiguration;
			buildSettings = {
				ALWAYS_EMBED_SWIFT_STANDARD_LIBRARIES = YES;
				CODE_SIGN_STYLE = Automatic;
				CURRENT_PROJECT_VERSION = 1;
				DEVELOPMENT_TEAM = TE6TBU2PVX;
				GENERATE_INFOPLIST_FILE = YES;
				MARKETING_VERSION = 1.0;
				PRODUCT_BUNDLE_IDENTIFIER = com.TipsterUITests;
				PRODUCT_NAME = "$(TARGET_NAME)";
				SWIFT_EMIT_LOC_STRINGS = NO;
				SWIFT_VERSION = 5.0;
				TARGETED_DEVICE_FAMILY = "1,2";
				TEST_TARGET_NAME = Tipster;
			};
			name = Debug;
		};
		AAE53E7827ADED7900D7412E /* Release */ = {
			isa = XCBuildConfiguration;
			buildSettings = {
				ALWAYS_EMBED_SWIFT_STANDARD_LIBRARIES = YES;
				CODE_SIGN_STYLE = Automatic;
				CURRENT_PROJECT_VERSION = 1;
				DEVELOPMENT_TEAM = TE6TBU2PVX;
				GENERATE_INFOPLIST_FILE = YES;
				MARKETING_VERSION = 1.0;
				PRODUCT_BUNDLE_IDENTIFIER = com.TipsterUITests;
				PRODUCT_NAME = "$(TARGET_NAME)";
				SWIFT_EMIT_LOC_STRINGS = NO;
				SWIFT_VERSION = 5.0;
				TARGETED_DEVICE_FAMILY = "1,2";
				TEST_TARGET_NAME = Tipster;
			};
			name = Release;
		};
/* End XCBuildConfiguration section */

/* Begin XCConfigurationList section */
		AAE53E4127ADED7600D7412E /* Build configuration list for PBXProject "Tipster" */ = {
			isa = XCConfigurationList;
			buildConfigurations = (
				AAE53E6E27ADED7900D7412E /* Debug */,
				AAE53E6F27ADED7900D7412E /* Release */,
			);
			defaultConfigurationIsVisible = 0;
			defaultConfigurationName = Release;
		};
		AAE53E7027ADED7900D7412E /* Build configuration list for PBXNativeTarget "Tipster" */ = {
			isa = XCConfigurationList;
			buildConfigurations = (
				AAE53E7127ADED7900D7412E /* Debug */,
				AAE53E7227ADED7900D7412E /* Release */,
			);
			defaultConfigurationIsVisible = 0;
			defaultConfigurationName = Release;
		};
		AAE53E7327ADED7900D7412E /* Build configuration list for PBXNativeTarget "TipsterTests" */ = {
			isa = XCConfigurationList;
			buildConfigurations = (
				AAE53E7427ADED7900D7412E /* Debug */,
				AAE53E7527ADED7900D7412E /* Release */,
			);
			defaultConfigurationIsVisible = 0;
			defaultConfigurationName = Release;
		};
		AAE53E7627ADED7900D7412E /* Build configuration list for PBXNativeTarget "TipsterUITests" */ = {
			isa = XCConfigurationList;
			buildConfigurations = (
				AAE53E7727ADED7900D7412E /* Debug */,
				AAE53E7827ADED7900D7412E /* Release */,
			);
			defaultConfigurationIsVisible = 0;
			defaultConfigurationName = Release;
		};
/* End XCConfigurationList section */

/* Begin XCRemoteSwiftPackageReference section */
		AAE53E7B27AE15E800D7412E /* XCRemoteSwiftPackageReference "AlamofireImage" */ = {
			isa = XCRemoteSwiftPackageReference;
			repositoryURL = "https://github.com/Alamofire/AlamofireImage";
			requirement = {
				kind = upToNextMajorVersion;
				minimumVersion = 4.0.0;
			};
		};
/* End XCRemoteSwiftPackageReference section */

/* Begin XCSwiftPackageProductDependency section */
		AAE53E7C27AE15E800D7412E /* AlamofireImage */ = {
			isa = XCSwiftPackageProductDependency;
			package = AAE53E7B27AE15E800D7412E /* XCRemoteSwiftPackageReference "AlamofireImage" */;
			productName = AlamofireImage;
		};
/* End XCSwiftPackageProductDependency section */
	};
	rootObject = AAE53E3E27ADED7600D7412E /* Project object */;
}
